
Microsoft Visual Studio Solution File, Format Version 12.00
# Visual Studio Version 16
VisualStudioVersion = 16.0.31624.102
MinimumVisualStudioVersion = 10.0.40219.1
Project("{FAE04EC0-301F-11D3-BF4B-00C04F79EFBC}") = "The Playground", "The Playground.csproj", "{095393CD-8838-4FC7-BCC8-CC9C6D0846FC}"
EndProject
Global
	GlobalSection(SolutionConfigurationPlatforms) = preSolution
		Debug|Any CPU = Debug|Any CPU
		Release|Any CPU = Release|Any CPU
	EndGlobalSection
	GlobalSection(ProjectConfigurationPlatforms) = postSolution
		{095393CD-8838-4FC7-BCC8-CC9C6D0846FC}.Debug|Any CPU.ActiveCfg = Debug|Any CPU
		{095393CD-8838-4FC7-BCC8-CC9C6D0846FC}.Debug|Any CPU.Build.0 = Debug|Any CPU
		{095393CD-8838-4FC7-BCC8-CC9C6D0846FC}.Release|Any CPU.ActiveCfg = Release|Any CPU
		{095393CD-8838-4FC7-BCC8-CC9C6D0846FC}.Release|Any CPU.Build.0 = Release|Any CPU
	EndGlobalSection
	GlobalSection(SolutionProperties) = preSolution
		HideSolutionNode = FALSE
	EndGlobalSection
	GlobalSection(ExtensibilityGlobals) = postSolution
		SolutionGuid = {4FBAF0AF-CA28-436E-8826-820E3BC360AC}
	EndGlobalSection
EndGlobal
